Microsoft Visual Studio Solution File, Format Version 12.00
# Visual Studio Version 17
VisualStudioVersion = 17.6.33723.286
MinimumVisualStudioVersion = 10.0.40219.1
Project("{9A19103F-16F7-4668-BE54-9A1E7A4F7556}") = "UdderlyEvelyn.SoilRelocation", "UdderlyEvelyn.SoilRelocation\UdderlyEvelyn.SoilRelocation.csproj", "{3F317776-1705-408D-AB52-B57D23ACE9B3}"
EndProject
Global
	GlobalSection(SolutionConfigurationPlatforms) = preSolution
		Debug|Any CPU = Debug|Any CPU
		Release|Any CPU = Release|Any CPU
	EndGlobalSection
	GlobalSection(ProjectConfigurationPlatforms) = postSolution
		{3F317776-1705-408D-AB52-B57D23ACE9B3}.Debug|Any CPU.ActiveCfg = Debug|Any CPU
		{3F317776-1705-408D-AB52-B57D23ACE9B3}.Debug|Any CPU.Build.0 = Debug|Any CPU
		{3F317776-1705-408D-AB52-B57D23ACE9B3}.Release|Any CPU.ActiveCfg = Release|Any CPU
		{3F317776-1705-408D-AB52-B57D23ACE9B3}.Release|Any CPU.Build.0 = Release|Any CPU
	EndGlobalSection
	GlobalSection(SolutionProperties) = preSolution
		HideSolutionNode = FALSE
	EndGlobalSection
	GlobalSection(ExtensibilityGlobals) = postSolution
		SolutionGuid = {199e7ed7-7d91-4c44-b85e-d820b076ea50}
	EndGlobalSection
EndGlobal
